
Microsoft Visual Studio Solution File, Format Version 12.00
# Visual Studio Version 17
VisualStudioVersion = 17.3.32929.385
MinimumVisualStudioVersion = 10.0.40219.1
Project("{8BC9CEB8-8B4A-11D0-8D11-00A0C91BC942}") = "DiscordBot3", "DiscordBot3\DiscordBot3.vcxproj", "{C6847C58-52DB-48D3-91F1-C79BA3B30053}"
EndProject
Global
	GlobalSection(SolutionConfigurationPlatforms) = preSolution
		Debug|x64 = Debug|x64
		Debug|x86 = Debug|x86
		Release|x64 = Release|x64
		Release|x86 = Release|x86
	EndGlobalSection
	GlobalSection(ProjectConfigurationPlatforms) = postSolution
		{C6847C58-52DB-48D3-91F1-C79BA3B30053}.Debug|x64.ActiveCfg = Debug|x64
		{C6847C58-52DB-48D3-91F1-C79BA3B30053}.Debug|x64.Build.0 = Debug|x64
		{C6847C58-52DB-48D3-91F1-C79BA3B30053}.Debug|x86.ActiveCfg = Debug|Win32
		{C6847C58-52DB-48D3-91F1-C79BA3B30053}.Debug|x86.Build.0 = Debug|Win32
		{C6847C58-52DB-48D3-91F1-C79BA3B30053}.Release|x64.ActiveCfg = Release|x64
		{C6847C58-52DB-48D3-91F1-C79BA3B30053}.Release|x64.Build.0 = Release|x64
		{C6847C58-52DB-48D3-91F1-C79BA3B30053}.Release|x86.ActiveCfg = Release|Win32
		{C6847C58-52DB-48D3-91F1-C79BA3B30053}.Release|x86.Build.0 = Release|Win32
	EndGlobalSection
	GlobalSection(SolutionProperties) = preSolution
		HideSolutionNode = FALSE
	EndGlobalSection
	GlobalSection(ExtensibilityGlobals) = postSolution
		SolutionGuid = {FADE3F9B-3E1F-424F-9C18-2B11E227D13C}
	EndGlobalSection
EndGlobal
